// !$*UTF8*$!
{
	archiveVersion = 1;
	classes = {
	};
	objectVersion = 56;
	objects = {

/* Begin PBXBuildFile section */
		55069D9929B75EC900414D3D /* AppDelegate.swift in Sources */ = {isa = PBXBuildFile; fileRef = 55069D9829B75EC900414D3D /* AppDelegate.swift */; };
		55069D9B29B75EC900414D3D /* SceneDelegate.swift in Sources */ = {isa = PBXBuildFile; fileRef = 55069D9A29B75EC900414D3D /* SceneDelegate.swift */; };
		55069D9D29B75EC900414D3D /* ViewController.swift in Sources */ = {isa = PBXBuildFile; fileRef = 55069D9C29B75EC900414D3D /* ViewController.swift */; };
		55069DA229B75ECA00414D3D /* Assets.xcassets in Resources */ = {isa = PBXBuildFile; fileRef = 55069DA129B75ECA00414D3D /* Assets.xcassets */; };
		55069DA529B75ECA00414D3D /* LaunchScreen.storyboard in Resources */ = {isa = PBXBuildFile; fileRef = 55069DA329B75ECA00414D3D /* LaunchScreen.storyboard */; };
		55069DB329B7641100414D3D /* RxCocoa in Frameworks */ = {isa = PBXBuildFile; productRef = 55069DB229B7641100414D3D /* RxCocoa */; };
		55069DB529B7641100414D3D /* RxRelay in Frameworks */ = {isa = PBXBuildFile; productRef = 55069DB429B7641100414D3D /* RxRelay */; };
		55069DB729B7641100414D3D /* RxSwift in Frameworks */ = {isa = PBXBuildFile; productRef = 55069DB629B7641100414D3D /* RxSwift */; };
		55069DB929B7647B00414D3D /* NewsService.swift in Sources */ = {isa = PBXBuildFile; fileRef = 55069DB829B7647B00414D3D /* NewsService.swift */; };
		55069DBC29B765B200414D3D /* TopStory.swift in Sources */ = {isa = PBXBuildFile; fileRef = 55069DBB29B765B200414D3D /* TopStory.swift */; };
		55069DBE29B76C3300414D3D /* HeadlinesViewController.swift in Sources */ = {isa = PBXBuildFile; fileRef = 55069DBD29B76C3300414D3D /* HeadlinesViewController.swift */; };
		55069DC129B76C7200414D3D /* HeadlinesViewModel.swift in Sources */ = {isa = PBXBuildFile; fileRef = 55069DC029B76C7200414D3D /* HeadlinesViewModel.swift */; };
		55069DC529B7726500414D3D /* HeadlineCell.swift in Sources */ = {isa = PBXBuildFile; fileRef = 55069DC429B7726500414D3D /* HeadlineCell.swift */; };
		55069DC829B7800600414D3D /* Differentiator in Frameworks */ = {isa = PBXBuildFile; productRef = 55069DC729B7800600414D3D /* Differentiator */; };
		55069DCA29B7800600414D3D /* RxDataSources in Frameworks */ = {isa = PBXBuildFile; productRef = 55069DC929B7800600414D3D /* RxDataSources */; };
/* End PBXBuildFile section */

/* Begin PBXFileReference section */
		55069D9529B75EC900414D3D /* NewsReader.app */ = {isa = PBXFileReference; explicitFileType = wrapper.application; includeInIndex = 0; path = NewsReader.app; sourceTree = BUILT_PRODUCTS_DIR; };
		55069D9829B75EC900414D3D /* AppDelegate.swift */ = {isa = PBXFileReference; lastKnownFileType = sourcecode.swift; path = AppDelegate.swift; sourceTree = "<group>"; };
		55069D9A29B75EC900414D3D /* SceneDelegate.swift */ = {isa = PBXFileReference; lastKnownFileType = sourcecode.swift; path = SceneDelegate.swift; sourceTree = "<group>"; };
		55069D9C29B75EC900414D3D /* ViewController.swift */ = {isa = PBXFileReference; lastKnownFileType = sourcecode.swift; path = ViewController.swift; sourceTree = "<group>"; };
		55069DA129B75ECA00414D3D /* Assets.xcassets */ = {isa = PBXFileReference; lastKnownFileType = folder.assetcatalog; path = Assets.xcassets; sourceTree = "<group>"; };
		55069DA429B75ECA00414D3D /* Base */ = {isa = PBXFileReference; lastKnownFileType = file.storyboard; name = Base; path = Base.lproj/LaunchScreen.storyboard; sourceTree = "<group>"; };
		55069DA629B75ECA00414D3D /* Info.plist */ = {isa = PBXFileReference; lastKnownFileType = text.plist.xml; path = Info.plist; sourceTree = "<group>"; };
		55069DB829B7647B00414D3D /* NewsService.swift */ = {isa = PBXFileReference; lastKnownFileType = sourcecode.swift; path = NewsService.swift; sourceTree = "<group>"; };
		55069DBB29B765B200414D3D /* TopStory.swift */ = {isa = PBXFileReference; lastKnownFileType = sourcecode.swift; path = TopStory.swift; sourceTree = "<group>"; };
		55069DBD29B76C3300414D3D /* HeadlinesViewController.swift */ = {isa = PBXFileReference; lastKnownFileType = sourcecode.swift; path = HeadlinesViewController.swift; sourceTree = "<group>"; };
		55069DC029B76C7200414D3D /* HeadlinesViewModel.swift */ = {isa = PBXFileReference; lastKnownFileType = sourcecode.swift; path = HeadlinesViewModel.swift; sourceTree = "<group>"; };
		55069DC429B7726500414D3D /* HeadlineCell.swift */ = {isa = PBXFileReference; lastKnownFileType = sourcecode.swift; path = HeadlineCell.swift; sourceTree = "<group>"; };
/* End PBXFileReference section */

/* Begin PBXFrameworksBuildPhase section */
		55069D9229B75EC900414D3D /* Frameworks */ = {
			isa = PBXFrameworksBuildPhase;
			buildActionMask = 2147483647;
			files = (
				55069DC829B7800600414D3D /* Differentiator in Frameworks */,
				55069DB729B7641100414D3D /* RxSwift in Frameworks */,
				55069DB529B7641100414D3D /* RxRelay in Frameworks */,
				55069DCA29B7800600414D3D /* RxDataSources in Frameworks */,
				55069DB329B7641100414D3D /* RxCocoa in Frameworks */,
			);
			runOnlyForDeploymentPostprocessing = 0;
		};
/* End PBXFrameworksBuildPhase section */

/* Begin PBXGroup section */
		55069D8C29B75EC900414D3D = {
			isa = PBXGroup;
			children = (
				55069D9729B75EC900414D3D /* NewsReader */,
				55069D9629B75EC900414D3D /* Products */,
			);
			sourceTree = "<group>";
		};
		55069D9629B75EC900414D3D /* Products */ = {
			isa = PBXGroup;
			children = (
				55069D9529B75EC900414D3D /* NewsReader.app */,
			);
			name = Products;
			sourceTree = "<group>";
		};
		55069D9729B75EC900414D3D /* NewsReader */ = {
			isa = PBXGroup;
			children = (
				55069DBA29B7651E00414D3D /* Model */,
				55069DB029B7637900414D3D /* Resources */,
				55069DAF29B7637000414D3D /* Extension */,
				55069DAE29B7635F00414D3D /* Helper */,
				55069DAD29B75F3F00414D3D /* Controller */,
				55069DAC29B75F2300414D3D /* Service */,
				55069D9829B75EC900414D3D /* AppDelegate.swift */,
				55069D9A29B75EC900414D3D /* SceneDelegate.swift */,
				55069D9C29B75EC900414D3D /* ViewController.swift */,
				55069DA629B75ECA00414D3D /* Info.plist */,
			);
			path = NewsReader;
			sourceTree = "<group>";
		};
		55069DAC29B75F2300414D3D /* Service */ = {
			isa = PBXGroup;
			children = (
				55069DB829B7647B00414D3D /* NewsService.swift */,
			);
			path = Service;
			sourceTree = "<group>";
		};
		55069DAD29B75F3F00414D3D /* Controller */ = {
			isa = PBXGroup;
			children = (
				55069DBF29B76C5D00414D3D /* Headline */,
			);
			path = Controller;
			sourceTree = "<group>";
		};
		55069DAE29B7635F00414D3D /* Helper */ = {
			isa = PBXGroup;
			children = (
			);
			path = Helper;
			sourceTree = "<group>";
		};
		55069DAF29B7637000414D3D /* Extension */ = {
			isa = PBXGroup;
			children = (
			);
			path = Extension;
			sourceTree = "<group>";
		};
		55069DB029B7637900414D3D /* Resources */ = {
			isa = PBXGroup;
			children = (
				55069DA129B75ECA00414D3D /* Assets.xcassets */,
				55069DA329B75ECA00414D3D /* LaunchScreen.storyboard */,
			);
			path = Resources;
			sourceTree = "<group>";
		};
		55069DBA29B7651E00414D3D /* Model */ = {
			isa = PBXGroup;
			children = (
				55069DBB29B765B200414D3D /* TopStory.swift */,
			);
			path = Model;
			sourceTree = "<group>";
		};
		55069DBF29B76C5D00414D3D /* Headline */ = {
			isa = PBXGroup;
			children = (
				55069DBD29B76C3300414D3D /* HeadlinesViewController.swift */,
				55069DC029B76C7200414D3D /* HeadlinesViewModel.swift */,
				55069DC429B7726500414D3D /* HeadlineCell.swift */,
			);
			path = Headline;
			sourceTree = "<group>";
		};
/* End PBXGroup section */

/* Begin PBXNativeTarget section */
		55069D9429B75EC900414D3D /* NewsReader */ = {
			isa = PBXNativeTarget;
			buildConfigurationList = 55069DA929B75ECA00414D3D /* Build configuration list for PBXNativeTarget "NewsReader" */;
			buildPhases = (
				55069D9129B75EC900414D3D /* Sources */,
				55069D9229B75EC900414D3D /* Frameworks */,
				55069D9329B75EC900414D3D /* Resources */,
			);
			buildRules = (
			);
			dependencies = (
			);
			name = NewsReader;
			packageProductDependencies = (
				55069DB229B7641100414D3D /* RxCocoa */,
				55069DB429B7641100414D3D /* RxRelay */,
				55069DB629B7641100414D3D /* RxSwift */,
				55069DC729B7800600414D3D /* Differentiator */,
				55069DC929B7800600414D3D /* RxDataSources */,
			);
			productName = NewsReader;
			productReference = 55069D9529B75EC900414D3D /* NewsReader.app */;
			productType = "com.apple.product-type.application";
		};
/* End PBXNativeTarget section */

/* Begin PBXProject section */
		55069D8D29B75EC900414D3D /* Project object */ = {
			isa = PBXProject;
			attributes = {
				BuildIndependentTargetsInParallel = 1;
				LastSwiftUpdateCheck = 1420;
				LastUpgradeCheck = 1420;
				TargetAttributes = {
					55069D9429B75EC900414D3D = {
						CreatedOnToolsVersion = 14.2;
					};
				};
			};
			buildConfigurationList = 55069D9029B75EC900414D3D /* Build configuration list for PBXProject "NewsReader" */;
			compatibilityVersion = "Xcode 14.0";
			developmentRegion = en;
			hasScannedForEncodings = 0;
			knownRegions = (
				en,
				Base,
			);
			mainGroup = 55069D8C29B75EC900414D3D;
			packageReferences = (
				55069DB129B7641100414D3D /* XCRemoteSwiftPackageReference "rxswift" */,
				55069DC629B7800600414D3D /* XCRemoteSwiftPackageReference "RxDataSources" */,
			);
			productRefGroup = 55069D9629B75EC900414D3D /* Products */;
			projectDirPath = "";
			projectRoot = "";
			targets = (
				55069D9429B75EC900414D3D /* NewsReader */,
			);
		};
/* End PBXProject section */

/* Begin PBXResourcesBuildPhase section */
		55069D9329B75EC900414D3D /* Resources */ = {
			isa = PBXResourcesBuildPhase;
			buildActionMask = 2147483647;
			files = (
				55069DA529B75ECA00414D3D /* LaunchScreen.storyboard in Resources */,
				55069DA229B75ECA00414D3D /* Assets.xcassets in Resources */,
			);
			runOnlyForDeploymentPostprocessing = 0;
		};
/* End PBXResourcesBuildPhase section */

/* Begin PBXSourcesBuildPhase section */
		55069D9129B75EC900414D3D /* Sources */ = {
			isa = PBXSourcesBuildPhase;
			buildActionMask = 2147483647;
			files = (
				55069DBC29B765B200414D3D /* TopStory.swift in Sources */,
				55069D9D29B75EC900414D3D /* ViewController.swift in Sources */,
				55069DBE29B76C3300414D3D /* HeadlinesViewController.swift in Sources */,
				55069D9929B75EC900414D3D /* AppDelegate.swift in Sources */,
				55069DB929B7647B00414D3D /* NewsService.swift in Sources */,
				55069DC129B76C7200414D3D /* HeadlinesViewModel.swift in Sources */,
				55069D9B29B75EC900414D3D /* SceneDelegate.swift in Sources */,
				55069DC529B7726500414D3D /* HeadlineCell.swift in Sources */,
			);
			runOnlyForDeploymentPostprocessing = 0;
		};
/* End PBXSourcesBuildPhase section */

/* Begin PBXVariantGroup section */
		55069DA329B75ECA00414D3D /* LaunchScreen.storyboard */ = {
			isa = PBXVariantGroup;
			children = (
				55069DA429B75ECA00414D3D /* Base */,
			);
			name = LaunchScreen.storyboard;
			sourceTree = "<group>";
		};
/* End PBXVariantGroup section */

/* Begin XCBuildConfiguration section */
		55069DA729B75ECA00414D3D /* Debug */ = {
			isa = XCBuildConfiguration;
			buildSettings = {
				ALWAYS_SEARCH_USER_PATHS = NO;
				CLANG_ANALYZER_NONNULL = YES;
				CLANG_ANALYZER_NUMBER_OBJECT_CONVERSION = YES_AGGRESSIVE;
				CLANG_CXX_LANGUAGE_STANDARD = "gnu++20";
				CLANG_ENABLE_MODULES = YES;
				CLANG_ENABLE_OBJC_ARC = YES;
				CLANG_ENABLE_OBJC_WEAK = YES;
				CLANG_WARN_BLOCK_CAPTURE_AUTORELEASING = YES;
				CLANG_WARN_BOOL_CONVERSION = YES;
				CLANG_WARN_COMMA = YES;
				CLANG_WARN_CONSTANT_CONVERSION = YES;
				CLANG_WARN_DEPRECATED_OBJC_IMPLEMENTATIONS = YES;
				CLANG_WARN_DIRECT_OBJC_ISA_USAGE = YES_ERROR;
				CLANG_WARN_DOCUMENTATION_COMMENTS = YES;
				CLANG_WARN_EMPTY_BODY = YES;
				CLANG_WARN_ENUM_CONVERSION = YES;
				CLANG_WARN_INFINITE_RECURSION = YES;
				CLANG_WARN_INT_CONVERSION = YES;
				CLANG_WARN_NON_LITERAL_NULL_CONVERSION = YES;
				CLANG_WARN_OBJC_IMPLICIT_RETAIN_SELF = YES;
				CLANG_WARN_OBJC_LITERAL_CONVERSION = YES;
				CLANG_WARN_OBJC_ROOT_CLASS = YES_ERROR;
				CLANG_WARN_QUOTED_INCLUDE_IN_FRAMEWORK_HEADER = YES;
				CLANG_WARN_RANGE_LOOP_ANALYSIS = YES;
				CLANG_WARN_STRICT_PROTOTYPES = YES;
				CLANG_WARN_SUSPICIOUS_MOVE = YES;
				CLANG_WARN_UNGUARDED_AVAILABILITY = YES_AGGRESSIVE;
				CLANG_WARN_UNREACHABLE_CODE = YES;
				CLANG_WARN__DUPLICATE_METHOD_MATCH = YES;
				COPY_PHASE_STRIP = NO;
				DEBUG_INFORMATION_FORMAT = dwarf;
				ENABLE_STRICT_OBJC_MSGSEND = YES;
				ENABLE_TESTABILITY = YES;
				GCC_C_LANGUAGE_STANDARD = gnu11;
				GCC_DYNAMIC_NO_PIC = NO;
				GCC_NO_COMMON_BLOCKS = YES;
				GCC_OPTIMIZATION_LEVEL = 0;
				GCC_PREPROCESSOR_DEFINITIONS = (
					"DEBUG=1",
					"$(inherited)",
				);
				GCC_WARN_64_TO_32_BIT_CONVERSION = YES;
				GCC_WARN_ABOUT_RETURN_TYPE = YES_ERROR;
				GCC_WARN_UNDECLARED_SELECTOR = YES;
				GCC_WARN_UNINITIALIZED_AUTOS = YES_AGGRESSIVE;
				GCC_WARN_UNUSED_FUNCTION = YES;
				GCC_WARN_UNUSED_VARIABLE = YES;
				IPHONEOS_DEPLOYMENT_TARGET = 16.2;
				MTL_ENABLE_DEBUG_INFO = INCLUDE_SOURCE;
				MTL_FAST_MATH = YES;
				ONLY_ACTIVE_ARCH = YES;
				SDKROOT = iphoneos;
				SWIFT_ACTIVE_COMPILATION_CONDITIONS = DEBUG;
				SWIFT_OPTIMIZATION_LEVEL = "-Onone";
			};
			name = Debug;
		};
		55069DA829B75ECA00414D3D /* Release */ = {
			isa = XCBuildConfiguration;
			buildSettings = {
				ALWAYS_SEARCH_USER_PATHS = NO;
				CLANG_ANALYZER_NONNULL = YES;
				CLANG_ANALYZER_NUMBER_OBJECT_CONVERSION = YES_AGGRESSIVE;
				CLANG_CXX_LANGUAGE_STANDARD = "gnu++20";
				CLANG_ENABLE_MODULES = YES;
				CLANG_ENABLE_OBJC_ARC = YES;
				CLANG_ENABLE_OBJC_WEAK = YES;
				CLANG_WARN_BLOCK_CAPTURE_AUTORELEASING = YES;
				CLANG_WARN_BOOL_CONVERSION = YES;
				CLANG_WARN_COMMA = YES;
				CLANG_WARN_CONSTANT_CONVERSION = YES;
				CLANG_WARN_DEPRECATED_OBJC_IMPLEMENTATIONS = YES;
				CLANG_WARN_DIRECT_OBJC_ISA_USAGE = YES_ERROR;
				CLANG_WARN_DOCUMENTATION_COMMENTS = YES;
				CLANG_WARN_EMPTY_BODY = YES;
				CLANG_WARN_ENUM_CONVERSION = YES;
				CLANG_WARN_INFINITE_RECURSION = YES;
				CLANG_WARN_INT_CONVERSION = YES;
				CLANG_WARN_NON_LITERAL_NULL_CONVERSION = YES;
				CLANG_WARN_OBJC_IMPLICIT_RETAIN_SELF = YES;
				CLANG_WARN_OBJC_LITERAL_CONVERSION = YES;
				CLANG_WARN_OBJC_ROOT_CLASS = YES_ERROR;
				CLANG_WARN_QUOTED_INCLUDE_IN_FRAMEWORK_HEADER = YES;
				CLANG_WARN_RANGE_LOOP_ANALYSIS = YES;
				CLANG_WARN_STRICT_PROTOTYPES = YES;
				CLANG_WARN_SUSPICIOUS_MOVE = YES;
				CLANG_WARN_UNGUARDED_AVAILABILITY = YES_AGGRESSIVE;
				CLANG_WARN_UNREACHABLE_CODE = YES;
				CLANG_WARN__DUPLICATE_METHOD_MATCH = YES;
				COPY_PHASE_STRIP = NO;
				DEBUG_INFORMATION_FORMAT = "dwarf-with-dsym";
				ENABLE_NS_ASSERTIONS = NO;
				ENABLE_STRICT_OBJC_MSGSEND = YES;
				GCC_C_LANGUAGE_STANDARD = gnu11;
				GCC_NO_COMMON_BLOCKS = YES;
				GCC_WARN_64_TO_32_BIT_CONVERSION = YES;
				GCC_WARN_ABOUT_RETURN_TYPE = YES_ERROR;
				GCC_WARN_UNDECLARED_SELECTOR = YES;
				GCC_WARN_UNINITIALIZED_AUTOS = YES_AGGRESSIVE;
				GCC_WARN_UNUSED_FUNCTION = YES;
				GCC_WARN_UNUSED_VARIABLE = YES;
				IPHONEOS_DEPLOYMENT_TARGET = 16.2;
				MTL_ENABLE_DEBUG_INFO = NO;
				MTL_FAST_MATH = YES;
				SDKROOT = iphoneos;
				SWIFT_COMPILATION_MODE = wholemodule;
				SWIFT_OPTIMIZATION_LEVEL = "-O";
				VALIDATE_PRODUCT = YES;
			};
			name = Release;
		};
		55069DAA29B75ECA00414D3D /* Debug */ = {
			isa = XCBuildConfiguration;
			buildSettings = {
				ASSETCATALOG_COMPILER_APPICON_NAME = AppIcon;
				ASSETCATALOG_COMPILER_GLOBAL_ACCENT_COLOR_NAME = AccentColor;
				CODE_SIGN_STYLE = Automatic;
				CURRENT_PROJECT_VERSION = 1;
				DEVELOPMENT_TEAM = AY95ZVN64M;
				GENERATE_INFOPLIST_FILE = YES;
				INFOPLIST_FILE = NewsReader/Info.plist;
				INFOPLIST_KEY_UIApplicationSupportsIndirectInputEvents = YES;
				INFOPLIST_KEY_UILaunchStoryboardName = LaunchScreen;
				INFOPLIST_KEY_UISupportedInterfaceOrientations_iPad = "UIInterfaceOrientationPortrait UIInterfaceOrientationPortraitUpsideDown UIInterfaceOrientationLandscapeLeft UIInterfaceOrientationLandscapeRight";
				INFOPLIST_KEY_UISupportedInterfaceOrientations_iPhone = "UIInterfaceOrientationPortrait UIInterfaceOrientationLandscapeLeft UIInterfaceOrientationLandscapeRight";
				LD_RUNPATH_SEARCH_PATHS = (
					"$(inherited)",
					"@executable_path/Frameworks",
				);
				MARKETING_VERSION = 1.0;
				PRODUCT_BUNDLE_IDENTIFIER = lol.NewsReader;
				PRODUCT_NAME = "$(TARGET_NAME)";
				SWIFT_EMIT_LOC_STRINGS = YES;
				SWIFT_VERSION = 5.0;
				TARGETED_DEVICE_FAMILY = "1,2";
			};
			name = Debug;
		};
		55069DAB29B75ECA00414D3D /* Release */ = {
			isa = XCBuildConfiguration;
			buildSettings = {
				ASSETCATALOG_COMPILER_APPICON_NAME = AppIcon;
				ASSETCATALOG_COMPILER_GLOBAL_ACCENT_COLOR_NAME = AccentColor;
				CODE_SIGN_STYLE = Automatic;
				CURRENT_PROJECT_VERSION = 1;
				DEVELOPMENT_TEAM = AY95ZVN64M;
				GENERATE_INFOPLIST_FILE = YES;
				INFOPLIST_FILE = NewsReader/Info.plist;
				INFOPLIST_KEY_UIApplicationSupportsIndirectInputEvents = YES;
				INFOPLIST_KEY_UILaunchStoryboardName = LaunchScreen;
				INFOPLIST_KEY_UISupportedInterfaceOrientations_iPad = "UIInterfaceOrientationPortrait UIInterfaceOrientationPortraitUpsideDown UIInterfaceOrientationLandscapeLeft UIInterfaceOrientationLandscapeRight";
				INFOPLIST_KEY_UISupportedInterfaceOrientations_iPhone = "UIInterfaceOrientationPortrait UIInterfaceOrientationLandscapeLeft UIInterfaceOrientationLandscapeRight";
				LD_RUNPATH_SEARCH_PATHS = (
					"$(inherited)",
					"@executable_path/Frameworks",
				);
				MARKETING_VERSION = 1.0;
				PRODUCT_BUNDLE_IDENTIFIER = lol.NewsReader;
				PRODUCT_NAME = "$(TARGET_NAME)";
				SWIFT_EMIT_LOC_STRINGS = YES;
				SWIFT_VERSION = 5.0;
				TARGETED_DEVICE_FAMILY = "1,2";
			};
			name = Release;
		};
/* End XCBuildConfiguration section */

/* Begin XCConfigurationList section */
		55069D9029B75EC900414D3D /* Build configuration list for PBXProject "NewsReader" */ = {
			isa = XCConfigurationList;
			buildConfigurations = (
				55069DA729B75ECA00414D3D /* Debug */,
				55069DA829B75ECA00414D3D /* Release */,
			);
			defaultConfigurationIsVisible = 0;
			defaultConfigurationName = Release;
		};
		55069DA929B75ECA00414D3D /* Build configuration list for PBXNativeTarget "NewsReader" */ = {
			isa = XCConfigurationList;
			buildConfigurations = (
				55069DAA29B75ECA00414D3D /* Debug */,
				55069DAB29B75ECA00414D3D /* Release */,
			);
			defaultConfigurationIsVisible = 0;
			defaultConfigurationName = Release;
		};
/* End XCConfigurationList section */

/* Begin XCRemoteSwiftPackageReference section */
		55069DB129B7641100414D3D /* XCRemoteSwiftPackageReference "rxswift" */ = {
			isa = XCRemoteSwiftPackageReference;
			repositoryURL = "https://github.com/reactivex/rxswift";
			requirement = {
				kind = upToNextMajorVersion;
				minimumVersion = 6.0.0;
			};
		};
		55069DC629B7800600414D3D /* XCRemoteSwiftPackageReference "RxDataSources" */ = {
			isa = XCRemoteSwiftPackageReference;
			repositoryURL = "https://github.com/RxSwiftCommunity/RxDataSources";
			requirement = {
				kind = upToNextMajorVersion;
				minimumVersion = 5.0.0;
			};
		};
/* End XCRemoteSwiftPackageReference section */

/* Begin XCSwiftPackageProductDependency section */
		55069DB229B7641100414D3D /* RxCocoa */ = {
			isa = XCSwiftPackageProductDependency;
			package = 55069DB129B7641100414D3D /* XCRemoteSwiftPackageReference "rxswift" */;
			productName = RxCocoa;
		};
		55069DB429B7641100414D3D /* RxRelay */ = {
			isa = XCSwiftPackageProductDependency;
			package = 55069DB129B7641100414D3D /* XCRemoteSwiftPackageReference "rxswift" */;
			productName = RxRelay;
		};
		55069DB629B7641100414D3D /* RxSwift */ = {
			isa = XCSwiftPackageProductDependency;
			package = 55069DB129B7641100414D3D /* XCRemoteSwiftPackageReference "rxswift" */;
			productName = RxSwift;
		};
		55069DC729B7800600414D3D /* Differentiator */ = {
			isa = XCSwiftPackageProductDependency;
			package = 55069DC629B7800600414D3D /* XCRemoteSwiftPackageReference "RxDataSources" */;
			productName = Differentiator;
		};
		55069DC929B7800600414D3D /* RxDataSources */ = {
			isa = XCSwiftPackageProductDependency;
			package = 55069DC629B7800600414D3D /* XCRemoteSwiftPackageReference "RxDataSources" */;
			productName = RxDataSources;
		};
/* End XCSwiftPackageProductDependency section */
	};
	rootObject = 55069D8D29B75EC900414D3D /* Project object */;
}
